
Microsoft Visual Studio Solution File, Format Version 12.00
# Visual Studio Version 17
VisualStudioVersion = 17.13.35931.197 d17.13
MinimumVisualStudioVersion = 10.0.40219.1
Project("{FAE04EC0-301F-11D3-BF4B-00C04F79EFBC}") = "ConsoleApp2", "ConsoleApp2.csproj", "{B666956E-953B-4FE7-894D-7EE52199E29D}"
EndProject
Global
	GlobalSection(SolutionConfigurationPlatforms) = preSolution
		Debug|Any CPU = Debug|Any CPU
		Release|Any CPU = Release|Any CPU
	EndGlobalSection
	GlobalSection(ProjectConfigurationPlatforms) = postSolution
		{B666956E-953B-4FE7-894D-7EE52199E29D}.Debug|Any CPU.ActiveCfg = Debug|Any CPU
		{B666956E-953B-4FE7-894D-7EE52199E29D}.Debug|Any CPU.Build.0 = Debug|Any CPU
		{B666956E-953B-4FE7-894D-7EE52199E29D}.Release|Any CPU.ActiveCfg = Release|Any CPU
		{B666956E-953B-4FE7-894D-7EE52199E29D}.Release|Any CPU.Build.0 = Release|Any CPU
	EndGlobalSection
	GlobalSection(SolutionProperties) = preSolution
		HideSolutionNode = FALSE
	EndGlobalSection
	GlobalSection(ExtensibilityGlobals) = postSolution
		SolutionGuid = {58543346-0AA1-4984-94C6-1E250249CC0B}
	EndGlobalSection
EndGlobal
